
Microsoft Visual Studio Solution File, Format Version 12.00
# Visual Studio Version 17
VisualStudioVersion = 17.0.32014.148
MinimumVisualStudioVersion = 10.0.40219.1
Project("{FAE04EC0-301F-11D3-BF4B-00C04F79EFBC}") = "NINA.Joko.Plugin.Orbitals", "NINA.Joko.Plugin.Orbitals\NINA.Joko.Plugin.Orbitals.csproj", "{210929C6-FDC3-4AB5-8539-34D0D12CE308}"
EndProject
Project("{FAE04EC0-301F-11D3-BF4B-00C04F79EFBC}") = "TestApp", "TestApp\TestApp.csproj", "{D248D27E-74EC-4535-B10A-54F6629CC708}"
EndProject
Global
	GlobalSection(SolutionConfigurationPlatforms) = preSolution
		Debug|Any CPU = Debug|Any CPU
		Debug|x64 = Debug|x64
		Release|Any CPU = Release|Any CPU
		Release|x64 = Release|x64
	EndGlobalSection
	GlobalSection(ProjectConfigurationPlatforms) = postSolution
		{210929C6-FDC3-4AB5-8539-34D0D12CE308}.Debug|Any CPU.ActiveCfg = Debug|Any CPU
		{210929C6-FDC3-4AB5-8539-34D0D12CE308}.Debug|Any CPU.Build.0 = Debug|Any CPU
		{210929C6-FDC3-4AB5-8539-34D0D12CE308}.Debug|x64.ActiveCfg = Debug|Any CPU
		{210929C6-FDC3-4AB5-8539-34D0D12CE308}.Debug|x64.Build.0 = Debug|Any CPU
		{210929C6-FDC3-4AB5-8539-34D0D12CE308}.Release|Any CPU.ActiveCfg = Release|Any CPU
		{210929C6-FDC3-4AB5-8539-34D0D12CE308}.Release|Any CPU.Build.0 = Release|Any CPU
		{210929C6-FDC3-4AB5-8539-34D0D12CE308}.Release|x64.ActiveCfg = Release|Any CPU
		{210929C6-FDC3-4AB5-8539-34D0D12CE308}.Release|x64.Build.0 = Release|Any CPU
		{D248D27E-74EC-4535-B10A-54F6629CC708}.Debug|Any CPU.ActiveCfg = Debug|Any CPU
		{D248D27E-74EC-4535-B10A-54F6629CC708}.Debug|Any CPU.Build.0 = Debug|Any CPU
		{D248D27E-74EC-4535-B10A-54F6629CC708}.Debug|x64.ActiveCfg = Debug|x64
		{D248D27E-74EC-4535-B10A-54F6629CC708}.Debug|x64.Build.0 = Debug|x64
		{D248D27E-74EC-4535-B10A-54F6629CC708}.Release|Any CPU.ActiveCfg = Release|Any CPU
		{D248D27E-74EC-4535-B10A-54F6629CC708}.Release|Any CPU.Build.0 = Release|Any CPU
		{D248D27E-74EC-4535-B10A-54F6629CC708}.Release|x64.ActiveCfg = Release|x64
		{D248D27E-74EC-4535-B10A-54F6629CC708}.Release|x64.Build.0 = Release|x64
	EndGlobalSection
	GlobalSection(SolutionProperties) = preSolution
		HideSolutionNode = FALSE
	EndGlobalSection
	GlobalSection(ExtensibilityGlobals) = postSolution
		SolutionGuid = {6B3A5EC4-1DEB-4D94-B189-E7C60F5605D4}
	EndGlobalSection
EndGlobal
